
Microsoft Visual Studio Solution File, Format Version 12.00
# Visual Studio Version 17
VisualStudioVersion = 17.5.2.0
MinimumVisualStudioVersion = 10.0.40219.1
Project("{2150E333-8FDC-42A3-9474-1A3956D46DE8}") = "body", "body", "{4297FEFB-3DB8-2E3F-8FE4-C37F4169AE42}"
EndProject
Project("{FAE04EC0-301F-11D3-BF4B-00C04F79EFBC}") = "desktop-automation", "body\desktop-automation\desktop-automation.csproj", "{A7507561-0C8C-D674-6204-3731DA2F9F6C}"
EndProject
Project("{FAE04EC0-301F-11D3-BF4B-00C04F79EFBC}") = "cognition", "body\cognition\cognition.csproj", "{9D50FE14-C52D-4AF2-91D8-2488F5A1A5C8}"
EndProject
Project("{FAE04EC0-301F-11D3-BF4B-00C04F79EFBC}") = "execution", "body\execution\execution.csproj", "{7119E2A9-4701-4A79-B367-56AC9FD7F056}"
EndProject
Project("{FAE04EC0-301F-11D3-BF4B-00C04F79EFBC}") = "HeronWin.Body.DesktopAutomation.Tests", "body\desktop-automation.tests\HeronWin.Body.DesktopAutomation.Tests.csproj", "{B5F75D69-7F11-4D9F-981D-D239A5273E02}"
EndProject
Project("{2150E333-8FDC-42A3-9474-1A3956D46DE8}") = "assistants", "assistants", "{6D14CB61-8201-932C-6D22-64C714DC885C}"
EndProject
Project("{FAE04EC0-301F-11D3-BF4B-00C04F79EFBC}") = "Brain", "assistants\brain\Brain.csproj", "{4B1F4EAB-7104-4732-B00C-A5F36EC460FA}"
EndProject
Project("{FAE04EC0-301F-11D3-BF4B-00C04F79EFBC}") = "HeronWin.Brain.Tests", "assistants\brain.tests\HeronWin.Brain.Tests.csproj", "{D93E307E-900B-40EF-A0AE-BA3AE0D698DB}"
EndProject
Project("{FAE04EC0-301F-11D3-BF4B-00C04F79EFBC}") = "Tars", "assistants\tars\Tars.csproj", "{D6B133A0-04A3-4466-8485-30B86CBAA0BB}"
EndProject
Project("{FAE04EC0-301F-11D3-BF4B-00C04F79EFBC}") = "Cursor", "assistants\cursor\Cursor.csproj", "{B75902D8-0D45-43D7-B0B7-389A8E376D8F}"
EndProject
Project("{FAE04EC0-301F-11D3-BF4B-00C04F79EFBC}") = "HeronWin.Tars.Tests", "assistants\tars.tests\HeronWin.Tars.Tests.csproj", "{9C083D7F-0ACB-4620-A76F-1F02FE08EA6D}"
EndProject
Project("{FAE04EC0-301F-11D3-BF4B-00C04F79EFBC}") = "HeronWin.Cursor.Tests", "assistants\cursor.tests\HeronWin.Cursor.Tests.csproj", "{34B7FE42-B5D0-41DE-B097-42DB51782452}"
EndProject
Global
	GlobalSection(SolutionConfigurationPlatforms) = preSolution
		Debug|Any CPU = Debug|Any CPU
		Debug|x64 = Debug|x64
		Debug|x86 = Debug|x86
		Release|Any CPU = Release|Any CPU
		Release|x64 = Release|x64
		Release|x86 = Release|x86
	EndGlobalSection
	GlobalSection(ProjectConfigurationPlatforms) = postSolution
		{A7507561-0C8C-D674-6204-3731DA2F9F6C}.Debug|Any CPU.ActiveCfg = Debug|Any CPU
		{A7507561-0C8C-D674-6204-3731DA2F9F6C}.Debug|Any CPU.Build.0 = Debug|Any CPU
		{A7507561-0C8C-D674-6204-3731DA2F9F6C}.Debug|x64.ActiveCfg = Debug|Any CPU
		{A7507561-0C8C-D674-6204-3731DA2F9F6C}.Debug|x64.Build.0 = Debug|Any CPU
		{A7507561-0C8C-D674-6204-3731DA2F9F6C}.Debug|x86.ActiveCfg = Debug|Any CPU
		{A7507561-0C8C-D674-6204-3731DA2F9F6C}.Debug|x86.Build.0 = Debug|Any CPU
		{A7507561-0C8C-D674-6204-3731DA2F9F6C}.Release|Any CPU.ActiveCfg = Release|Any CPU
		{A7507561-0C8C-D674-6204-3731DA2F9F6C}.Release|Any CPU.Build.0 = Release|Any CPU
		{A7507561-0C8C-D674-6204-3731DA2F9F6C}.Release|x64.ActiveCfg = Release|Any CPU
		{A7507561-0C8C-D674-6204-3731DA2F9F6C}.Release|x64.Build.0 = Release|Any CPU
		{A7507561-0C8C-D674-6204-3731DA2F9F6C}.Release|x86.ActiveCfg = Release|Any CPU
		{A7507561-0C8C-D674-6204-3731DA2F9F6C}.Release|x86.Build.0 = Release|Any CPU
		{9D50FE14-C52D-4AF2-91D8-2488F5A1A5C8}.Debug|Any CPU.ActiveCfg = Debug|Any CPU
		{9D50FE14-C52D-4AF2-91D8-2488F5A1A5C8}.Debug|Any CPU.Build.0 = Debug|Any CPU
		{9D50FE14-C52D-4AF2-91D8-2488F5A1A5C8}.Debug|x64.ActiveCfg = Debug|Any CPU
		{9D50FE14-C52D-4AF2-91D8-2488F5A1A5C8}.Debug|x64.Build.0 = Debug|Any CPU
		{9D50FE14-C52D-4AF2-91D8-2488F5A1A5C8}.Debug|x86.ActiveCfg = Debug|Any CPU
		{9D50FE14-C52D-4AF2-91D8-2488F5A1A5C8}.Debug|x86.Build.0 = Debug|Any CPU
		{9D50FE14-C52D-4AF2-91D8-2488F5A1A5C8}.Release|Any CPU.ActiveCfg = Release|Any CPU
		{9D50FE14-C52D-4AF2-91D8-2488F5A1A5C8}.Release|Any CPU.Build.0 = Release|Any CPU
		{9D50FE14-C52D-4AF2-91D8-2488F5A1A5C8}.Release|x64.ActiveCfg = Release|Any CPU
		{9D50FE14-C52D-4AF2-91D8-2488F5A1A5C8}.Release|x64.Build.0 = Release|Any CPU
		{9D50FE14-C52D-4AF2-91D8-2488F5A1A5C8}.Release|x86.ActiveCfg = Release|Any CPU
		{9D50FE14-C52D-4AF2-91D8-2488F5A1A5C8}.Release|x86.Build.0 = Release|Any CPU
		{7119E2A9-4701-4A79-B367-56AC9FD7F056}.Debug|Any CPU.ActiveCfg = Debug|Any CPU
		{7119E2A9-4701-4A79-B367-56AC9FD7F056}.Debug|Any CPU.Build.0 = Debug|Any CPU
		{7119E2A9-4701-4A79-B367-56AC9FD7F056}.Debug|x64.ActiveCfg = Debug|Any CPU
		{7119E2A9-4701-4A79-B367-56AC9FD7F056}.Debug|x64.Build.0 = Debug|Any CPU
		{7119E2A9-4701-4A79-B367-56AC9FD7F056}.Debug|x86.ActiveCfg = Debug|Any CPU
		{7119E2A9-4701-4A79-B367-56AC9FD7F056}.Debug|x86.Build.0 = Debug|Any CPU
		{7119E2A9-4701-4A79-B367-56AC9FD7F056}.Release|Any CPU.ActiveCfg = Release|Any CPU
		{7119E2A9-4701-4A79-B367-56AC9FD7F056}.Release|Any CPU.Build.0 = Release|Any CPU
		{7119E2A9-4701-4A79-B367-56AC9FD7F056}.Release|x64.ActiveCfg = Release|Any CPU
		{7119E2A9-4701-4A79-B367-56AC9FD7F056}.Release|x64.Build.0 = Release|Any CPU
		{7119E2A9-4701-4A79-B367-56AC9FD7F056}.Release|x86.ActiveCfg = Release|Any CPU
		{7119E2A9-4701-4A79-B367-56AC9FD7F056}.Release|x86.Build.0 = Release|Any CPU
		{B5F75D69-7F11-4D9F-981D-D239A5273E02}.Debug|Any CPU.ActiveCfg = Debug|Any CPU
		{B5F75D69-7F11-4D9F-981D-D239A5273E02}.Debug|Any CPU.Build.0 = Debug|Any CPU
		{B5F75D69-7F11-4D9F-981D-D239A5273E02}.Debug|x64.ActiveCfg = Debug|Any CPU
		{B5F75D69-7F11-4D9F-981D-D239A5273E02}.Debug|x64.Build.0 = Debug|Any CPU
		{B5F75D69-7F11-4D9F-981D-D239A5273E02}.Debug|x86.ActiveCfg = Debug|Any CPU
		{B5F75D69-7F11-4D9F-981D-D239A5273E02}.Debug|x86.Build.0 = Debug|Any CPU
		{B5F75D69-7F11-4D9F-981D-D239A5273E02}.Release|Any CPU.ActiveCfg = Release|Any CPU
		{B5F75D69-7F11-4D9F-981D-D239A5273E02}.Release|Any CPU.Build.0 = Release|Any CPU
		{B5F75D69-7F11-4D9F-981D-D239A5273E02}.Release|x64.ActiveCfg = Release|Any CPU
		{B5F75D69-7F11-4D9F-981D-D239A5273E02}.Release|x64.Build.0 = Release|Any CPU
		{B5F75D69-7F11-4D9F-981D-D239A5273E02}.Release|x86.ActiveCfg = Release|Any CPU
		{B5F75D69-7F11-4D9F-981D-D239A5273E02}.Release|x86.Build.0 = Release|Any CPU
		{4B1F4EAB-7104-4732-B00C-A5F36EC460FA}.Debug|Any CPU.ActiveCfg = Debug|Any CPU
		{4B1F4EAB-7104-4732-B00C-A5F36EC460FA}.Debug|Any CPU.Build.0 = Debug|Any CPU
		{4B1F4EAB-7104-4732-B00C-A5F36EC460FA}.Debug|x64.ActiveCfg = Debug|Any CPU
		{4B1F4EAB-7104-4732-B00C-A5F36EC460FA}.Debug|x64.Build.0 = Debug|Any CPU
		{4B1F4EAB-7104-4732-B00C-A5F36EC460FA}.Debug|x86.ActiveCfg = Debug|Any CPU
		{4B1F4EAB-7104-4732-B00C-A5F36EC460FA}.Debug|x86.Build.0 = Debug|Any CPU
		{4B1F4EAB-7104-4732-B00C-A5F36EC460FA}.Release|Any CPU.ActiveCfg = Release|Any CPU
		{4B1F4EAB-7104-4732-B00C-A5F36EC460FA}.Release|Any CPU.Build.0 = Release|Any CPU
		{4B1F4EAB-7104-4732-B00C-A5F36EC460FA}.Release|x64.ActiveCfg = Release|Any CPU
		{4B1F4EAB-7104-4732-B00C-A5F36EC460FA}.Release|x64.Build.0 = Release|Any CPU
		{4B1F4EAB-7104-4732-B00C-A5F36EC460FA}.Release|x86.ActiveCfg = Release|Any CPU
		{4B1F4EAB-7104-4732-B00C-A5F36EC460FA}.Release|x86.Build.0 = Release|Any CPU
		{D93E307E-900B-40EF-A0AE-BA3AE0D698DB}.Debug|Any CPU.ActiveCfg = Debug|Any CPU
		{D93E307E-900B-40EF-A0AE-BA3AE0D698DB}.Debug|Any CPU.Build.0 = Debug|Any CPU
		{D93E307E-900B-40EF-A0AE-BA3AE0D698DB}.Debug|x64.ActiveCfg = Debug|Any CPU
		{D93E307E-900B-40EF-A0AE-BA3AE0D698DB}.Debug|x64.Build.0 = Debug|Any CPU
		{D93E307E-900B-40EF-A0AE-BA3AE0D698DB}.Debug|x86.ActiveCfg = Debug|Any CPU
		{D93E307E-900B-40EF-A0AE-BA3AE0D698DB}.Debug|x86.Build.0 = Debug|Any CPU
		{D93E307E-900B-40EF-A0AE-BA3AE0D698DB}.Release|Any CPU.ActiveCfg = Release|Any CPU
		{D93E307E-900B-40EF-A0AE-BA3AE0D698DB}.Release|Any CPU.Build.0 = Release|Any CPU
		{D93E307E-900B-40EF-A0AE-BA3AE0D698DB}.Release|x64.ActiveCfg = Release|Any CPU
		{D93E307E-900B-40EF-A0AE-BA3AE0D698DB}.Release|x64.Build.0 = Release|Any CPU
		{D93E307E-900B-40EF-A0AE-BA3AE0D698DB}.Release|x86.ActiveCfg = Release|Any CPU
		{D93E307E-900B-40EF-A0AE-BA3AE0D698DB}.Release|x86.Build.0 = Release|Any CPU
		{D6B133A0-04A3-4466-8485-30B86CBAA0BB}.Debug|Any CPU.ActiveCfg = Debug|Any CPU
		{D6B133A0-04A3-4466-8485-30B86CBAA0BB}.Debug|Any CPU.Build.0 = Debug|Any CPU
		{D6B133A0-04A3-4466-8485-30B86CBAA0BB}.Debug|x64.ActiveCfg = Debug|Any CPU
		{D6B133A0-04A3-4466-8485-30B86CBAA0BB}.Debug|x64.Build.0 = Debug|Any CPU
		{D6B133A0-04A3-4466-8485-30B86CBAA0BB}.Debug|x86.ActiveCfg = Debug|Any CPU
		{D6B133A0-04A3-4466-8485-30B86CBAA0BB}.Debug|x86.Build.0 = Debug|Any CPU
		{D6B133A0-04A3-4466-8485-30B86CBAA0BB}.Release|Any CPU.ActiveCfg = Release|Any CPU
		{D6B133A0-04A3-4466-8485-30B86CBAA0BB}.Release|Any CPU.Build.0 = Release|Any CPU
		{D6B133A0-04A3-4466-8485-30B86CBAA0BB}.Release|x64.ActiveCfg = Release|Any CPU
		{D6B133A0-04A3-4466-8485-30B86CBAA0BB}.Release|x64.Build.0 = Release|Any CPU
		{D6B133A0-04A3-4466-8485-30B86CBAA0BB}.Release|x86.ActiveCfg = Release|Any CPU
		{D6B133A0-04A3-4466-8485-30B86CBAA0BB}.Release|x86.Build.0 = Release|Any CPU
		{B75902D8-0D45-43D7-B0B7-389A8E376D8F}.Debug|Any CPU.ActiveCfg = Debug|Any CPU
		{B75902D8-0D45-43D7-B0B7-389A8E376D8F}.Debug|Any CPU.Build.0 = Debug|Any CPU
		{B75902D8-0D45-43D7-B0B7-389A8E376D8F}.Debug|x64.ActiveCfg = Debug|Any CPU
		{B75902D8-0D45-43D7-B0B7-389A8E376D8F}.Debug|x64.Build.0 = Debug|Any CPU
		{B75902D8-0D45-43D7-B0B7-389A8E376D8F}.Debug|x86.ActiveCfg = Debug|Any CPU
		{B75902D8-0D45-43D7-B0B7-389A8E376D8F}.Debug|x86.Build.0 = Debug|Any CPU
		{B75902D8-0D45-43D7-B0B7-389A8E376D8F}.Release|Any CPU.ActiveCfg = Release|Any CPU
		{B75902D8-0D45-43D7-B0B7-389A8E376D8F}.Release|Any CPU.Build.0 = Release|Any CPU
		{B75902D8-0D45-43D7-B0B7-389A8E376D8F}.Release|x64.ActiveCfg = Release|Any CPU
		{B75902D8-0D45-43D7-B0B7-389A8E376D8F}.Release|x64.Build.0 = Release|Any CPU
		{B75902D8-0D45-43D7-B0B7-389A8E376D8F}.Release|x86.ActiveCfg = Release|Any CPU
		{B75902D8-0D45-43D7-B0B7-389A8E376D8F}.Release|x86.Build.0 = Release|Any CPU
		{9C083D7F-0ACB-4620-A76F-1F02FE08EA6D}.Debug|Any CPU.ActiveCfg = Debug|Any CPU
		{9C083D7F-0ACB-4620-A76F-1F02FE08EA6D}.Debug|Any CPU.Build.0 = Debug|Any CPU
		{9C083D7F-0ACB-4620-A76F-1F02FE08EA6D}.Debug|x64.ActiveCfg = Debug|Any CPU
		{9C083D7F-0ACB-4620-A76F-1F02FE08EA6D}.Debug|x64.Build.0 = Debug|Any CPU
		{9C083D7F-0ACB-4620-A76F-1F02FE08EA6D}.Debug|x86.ActiveCfg = Debug|Any CPU
		{9C083D7F-0ACB-4620-A76F-1F02FE08EA6D}.Debug|x86.Build.0 = Debug|Any CPU
		{9C083D7F-0ACB-4620-A76F-1F02FE08EA6D}.Release|Any CPU.ActiveCfg = Release|Any CPU
		{9C083D7F-0ACB-4620-A76F-1F02FE08EA6D}.Release|Any CPU.Build.0 = Release|Any CPU
		{9C083D7F-0ACB-4620-A76F-1F02FE08EA6D}.Release|x64.ActiveCfg = Release|Any CPU
		{9C083D7F-0ACB-4620-A76F-1F02FE08EA6D}.Release|x64.Build.0 = Release|Any CPU
		{9C083D7F-0ACB-4620-A76F-1F02FE08EA6D}.Release|x86.ActiveCfg = Release|Any CPU
		{9C083D7F-0ACB-4620-A76F-1F02FE08EA6D}.Release|x86.Build.0 = Release|Any CPU
		{34B7FE42-B5D0-41DE-B097-42DB51782452}.Debug|Any CPU.ActiveCfg = Debug|Any CPU
		{34B7FE42-B5D0-41DE-B097-42DB51782452}.Debug|Any CPU.Build.0 = Debug|Any CPU
		{34B7FE42-B5D0-41DE-B097-42DB51782452}.Debug|x64.ActiveCfg = Debug|Any CPU
		{34B7FE42-B5D0-41DE-B097-42DB51782452}.Debug|x64.Build.0 = Debug|Any CPU
		{34B7FE42-B5D0-41DE-B097-42DB51782452}.Debug|x86.ActiveCfg = Debug|Any CPU
		{34B7FE42-B5D0-41DE-B097-42DB51782452}.Debug|x86.Build.0 = Debug|Any CPU
		{34B7FE42-B5D0-41DE-B097-42DB51782452}.Release|Any CPU.ActiveCfg = Release|Any CPU
		{34B7FE42-B5D0-41DE-B097-42DB51782452}.Release|Any CPU.Build.0 = Release|Any CPU
		{34B7FE42-B5D0-41DE-B097-42DB51782452}.Release|x64.ActiveCfg = Release|Any CPU
		{34B7FE42-B5D0-41DE-B097-42DB51782452}.Release|x64.Build.0 = Release|Any CPU
		{34B7FE42-B5D0-41DE-B097-42DB51782452}.Release|x86.ActiveCfg = Release|Any CPU
		{34B7FE42-B5D0-41DE-B097-42DB51782452}.Release|x86.Build.0 = Release|Any CPU
	EndGlobalSection
	GlobalSection(SolutionProperties) = preSolution
		HideSolutionNode = FALSE
	EndGlobalSection
	GlobalSection(NestedProjects) = preSolution
		{A7507561-0C8C-D674-6204-3731DA2F9F6C} = {4297FEFB-3DB8-2E3F-8FE4-C37F4169AE42}
		{9D50FE14-C52D-4AF2-91D8-2488F5A1A5C8} = {4297FEFB-3DB8-2E3F-8FE4-C37F4169AE42}
		{7119E2A9-4701-4A79-B367-56AC9FD7F056} = {4297FEFB-3DB8-2E3F-8FE4-C37F4169AE42}
		{B5F75D69-7F11-4D9F-981D-D239A5273E02} = {4297FEFB-3DB8-2E3F-8FE4-C37F4169AE42}
		{4B1F4EAB-7104-4732-B00C-A5F36EC460FA} = {6D14CB61-8201-932C-6D22-64C714DC885C}
		{D93E307E-900B-40EF-A0AE-BA3AE0D698DB} = {6D14CB61-8201-932C-6D22-64C714DC885C}
		{D6B133A0-04A3-4466-8485-30B86CBAA0BB} = {6D14CB61-8201-932C-6D22-64C714DC885C}
		{B75902D8-0D45-43D7-B0B7-389A8E376D8F} = {6D14CB61-8201-932C-6D22-64C714DC885C}
		{9C083D7F-0ACB-4620-A76F-1F02FE08EA6D} = {6D14CB61-8201-932C-6D22-64C714DC885C}
		{34B7FE42-B5D0-41DE-B097-42DB51782452} = {6D14CB61-8201-932C-6D22-64C714DC885C}
	EndGlobalSection
	GlobalSection(ExtensibilityGlobals) = postSolution
		SolutionGuid = {64A20B17-B067-42AC-873D-D93398406562}
	EndGlobalSection
EndGlobal
