
Microsoft Visual Studio Solution File, Format Version 12.00
# Visual Studio Version 17
VisualStudioVersion = 17.5.2.0
MinimumVisualStudioVersion = 10.0.40219.1
Project("{2150E333-8FDC-42A3-9474-1A3956D46DE8}") = "body", "body", "{4297FEFB-3DB8-2E3F-8FE4-C37F4169AE42}"
EndProject
Project("{FAE04EC0-301F-11D3-BF4B-00C04F79EFBC}") = "desktop-automation", "body\desktop-automation\desktop-automation.csproj", "{A7507561-0C8C-D674-6204-3731DA2F9F6C}"
EndProject
Project("{FAE04EC0-301F-11D3-BF4B-00C04F79EFBC}") = "cognition", "body\cognition\cognition.csproj", "{9D50FE14-C52D-4AF2-91D8-2488F5A1A5C8}"
EndProject
Project("{FAE04EC0-301F-11D3-BF4B-00C04F79EFBC}") = "execution", "body\execution\execution.csproj", "{7119E2A9-4701-4A79-B367-56AC9FD7F056}"
EndProject
Project("{FAE04EC0-301F-11D3-BF4B-00C04F79EFBC}") = "HeronWin.Body.DesktopAutomation.Tests", "body\desktop-automation.tests\HeronWin.Body.DesktopAutomation.Tests.csproj", "{B5F75D69-7F11-4D9F-981D-D239A5273E02}"
EndProject
Project("{2150E333-8FDC-42A3-9474-1A3956D46DE8}") = "head", "head", "{1F4154CA-88DA-4E57-AB27-88F29B4498D7}"
EndProject
Project("{2150E333-8FDC-42A3-9474-1A3956D46DE8}") = "brain", "brain", "{C7F68188-A07E-380E-65FC-5A5D072F1336}"
EndProject
Project("{FAE04EC0-301F-11D3-BF4B-00C04F79EFBC}") = "Brain", "head\brain\Brain.csproj", "{9478285A-C0C7-439E-91DE-4F2A4F9ABD4C}"
EndProject
Project("{2150E333-8FDC-42A3-9474-1A3956D46DE8}") = "face", "face", "{73C5A067-4E6C-4D14-8A03-6D28057794F4}"
EndProject
Project("{FAE04EC0-301F-11D3-BF4B-00C04F79EFBC}") = "Face", "head\face\Face.csproj", "{E16A4A25-2C4A-4BDA-82A8-0716CB557535}"
EndProject
Project("{2150E333-8FDC-42A3-9474-1A3956D46DE8}") = "brain.tests", "brain.tests", "{42A8B5DE-4A4C-2E6E-11F7-F4CB753118D0}"
EndProject
Project("{FAE04EC0-301F-11D3-BF4B-00C04F79EFBC}") = "HeronWin.Brain.Tests", "head\brain.tests\HeronWin.Brain.Tests.csproj", "{A83E1265-DFFB-426D-AB35-8396DE9F0040}"
EndProject
Global
	GlobalSection(SolutionConfigurationPlatforms) = preSolution
		Debug|Any CPU = Debug|Any CPU
		Debug|x64 = Debug|x64
		Debug|x86 = Debug|x86
		Release|Any CPU = Release|Any CPU
		Release|x64 = Release|x64
		Release|x86 = Release|x86
	EndGlobalSection
	GlobalSection(ProjectConfigurationPlatforms) = postSolution
		{A7507561-0C8C-D674-6204-3731DA2F9F6C}.Debug|Any CPU.ActiveCfg = Debug|Any CPU
		{A7507561-0C8C-D674-6204-3731DA2F9F6C}.Debug|Any CPU.Build.0 = Debug|Any CPU
		{A7507561-0C8C-D674-6204-3731DA2F9F6C}.Debug|x64.ActiveCfg = Debug|Any CPU
		{A7507561-0C8C-D674-6204-3731DA2F9F6C}.Debug|x64.Build.0 = Debug|Any CPU
		{A7507561-0C8C-D674-6204-3731DA2F9F6C}.Debug|x86.ActiveCfg = Debug|Any CPU
		{A7507561-0C8C-D674-6204-3731DA2F9F6C}.Debug|x86.Build.0 = Debug|Any CPU
		{A7507561-0C8C-D674-6204-3731DA2F9F6C}.Release|Any CPU.ActiveCfg = Release|Any CPU
		{A7507561-0C8C-D674-6204-3731DA2F9F6C}.Release|Any CPU.Build.0 = Release|Any CPU
		{A7507561-0C8C-D674-6204-3731DA2F9F6C}.Release|x64.ActiveCfg = Release|Any CPU
		{A7507561-0C8C-D674-6204-3731DA2F9F6C}.Release|x64.Build.0 = Release|Any CPU
		{A7507561-0C8C-D674-6204-3731DA2F9F6C}.Release|x86.ActiveCfg = Release|Any CPU
		{A7507561-0C8C-D674-6204-3731DA2F9F6C}.Release|x86.Build.0 = Release|Any CPU
		{9D50FE14-C52D-4AF2-91D8-2488F5A1A5C8}.Debug|Any CPU.ActiveCfg = Debug|Any CPU
		{9D50FE14-C52D-4AF2-91D8-2488F5A1A5C8}.Debug|Any CPU.Build.0 = Debug|Any CPU
		{9D50FE14-C52D-4AF2-91D8-2488F5A1A5C8}.Debug|x64.ActiveCfg = Debug|Any CPU
		{9D50FE14-C52D-4AF2-91D8-2488F5A1A5C8}.Debug|x64.Build.0 = Debug|Any CPU
		{9D50FE14-C52D-4AF2-91D8-2488F5A1A5C8}.Debug|x86.ActiveCfg = Debug|Any CPU
		{9D50FE14-C52D-4AF2-91D8-2488F5A1A5C8}.Debug|x86.Build.0 = Debug|Any CPU
		{9D50FE14-C52D-4AF2-91D8-2488F5A1A5C8}.Release|Any CPU.ActiveCfg = Release|Any CPU
		{9D50FE14-C52D-4AF2-91D8-2488F5A1A5C8}.Release|Any CPU.Build.0 = Release|Any CPU
		{9D50FE14-C52D-4AF2-91D8-2488F5A1A5C8}.Release|x64.ActiveCfg = Release|Any CPU
		{9D50FE14-C52D-4AF2-91D8-2488F5A1A5C8}.Release|x64.Build.0 = Release|Any CPU
		{9D50FE14-C52D-4AF2-91D8-2488F5A1A5C8}.Release|x86.ActiveCfg = Release|Any CPU
		{9D50FE14-C52D-4AF2-91D8-2488F5A1A5C8}.Release|x86.Build.0 = Release|Any CPU
		{7119E2A9-4701-4A79-B367-56AC9FD7F056}.Debug|Any CPU.ActiveCfg = Debug|Any CPU
		{7119E2A9-4701-4A79-B367-56AC9FD7F056}.Debug|Any CPU.Build.0 = Debug|Any CPU
		{7119E2A9-4701-4A79-B367-56AC9FD7F056}.Debug|x64.ActiveCfg = Debug|Any CPU
		{7119E2A9-4701-4A79-B367-56AC9FD7F056}.Debug|x64.Build.0 = Debug|Any CPU
		{7119E2A9-4701-4A79-B367-56AC9FD7F056}.Debug|x86.ActiveCfg = Debug|Any CPU
		{7119E2A9-4701-4A79-B367-56AC9FD7F056}.Debug|x86.Build.0 = Debug|Any CPU
		{7119E2A9-4701-4A79-B367-56AC9FD7F056}.Release|Any CPU.ActiveCfg = Release|Any CPU
		{7119E2A9-4701-4A79-B367-56AC9FD7F056}.Release|Any CPU.Build.0 = Release|Any CPU
		{7119E2A9-4701-4A79-B367-56AC9FD7F056}.Release|x64.ActiveCfg = Release|Any CPU
		{7119E2A9-4701-4A79-B367-56AC9FD7F056}.Release|x64.Build.0 = Release|Any CPU
		{7119E2A9-4701-4A79-B367-56AC9FD7F056}.Release|x86.ActiveCfg = Release|Any CPU
		{7119E2A9-4701-4A79-B367-56AC9FD7F056}.Release|x86.Build.0 = Release|Any CPU
		{B5F75D69-7F11-4D9F-981D-D239A5273E02}.Debug|Any CPU.ActiveCfg = Debug|Any CPU
		{B5F75D69-7F11-4D9F-981D-D239A5273E02}.Debug|Any CPU.Build.0 = Debug|Any CPU
		{B5F75D69-7F11-4D9F-981D-D239A5273E02}.Debug|x64.ActiveCfg = Debug|Any CPU
		{B5F75D69-7F11-4D9F-981D-D239A5273E02}.Debug|x64.Build.0 = Debug|Any CPU
		{B5F75D69-7F11-4D9F-981D-D239A5273E02}.Debug|x86.ActiveCfg = Debug|Any CPU
		{B5F75D69-7F11-4D9F-981D-D239A5273E02}.Debug|x86.Build.0 = Debug|Any CPU
		{B5F75D69-7F11-4D9F-981D-D239A5273E02}.Release|Any CPU.ActiveCfg = Release|Any CPU
		{B5F75D69-7F11-4D9F-981D-D239A5273E02}.Release|Any CPU.Build.0 = Release|Any CPU
		{B5F75D69-7F11-4D9F-981D-D239A5273E02}.Release|x64.ActiveCfg = Release|Any CPU
		{B5F75D69-7F11-4D9F-981D-D239A5273E02}.Release|x64.Build.0 = Release|Any CPU
		{B5F75D69-7F11-4D9F-981D-D239A5273E02}.Release|x86.ActiveCfg = Release|Any CPU
		{B5F75D69-7F11-4D9F-981D-D239A5273E02}.Release|x86.Build.0 = Release|Any CPU
		{9478285A-C0C7-439E-91DE-4F2A4F9ABD4C}.Debug|Any CPU.ActiveCfg = Debug|Any CPU
		{9478285A-C0C7-439E-91DE-4F2A4F9ABD4C}.Debug|Any CPU.Build.0 = Debug|Any CPU
		{9478285A-C0C7-439E-91DE-4F2A4F9ABD4C}.Debug|x64.ActiveCfg = Debug|Any CPU
		{9478285A-C0C7-439E-91DE-4F2A4F9ABD4C}.Debug|x64.Build.0 = Debug|Any CPU
		{9478285A-C0C7-439E-91DE-4F2A4F9ABD4C}.Debug|x86.ActiveCfg = Debug|Any CPU
		{9478285A-C0C7-439E-91DE-4F2A4F9ABD4C}.Debug|x86.Build.0 = Debug|Any CPU
		{9478285A-C0C7-439E-91DE-4F2A4F9ABD4C}.Release|Any CPU.ActiveCfg = Release|Any CPU
		{9478285A-C0C7-439E-91DE-4F2A4F9ABD4C}.Release|Any CPU.Build.0 = Release|Any CPU
		{9478285A-C0C7-439E-91DE-4F2A4F9ABD4C}.Release|x64.ActiveCfg = Release|Any CPU
		{9478285A-C0C7-439E-91DE-4F2A4F9ABD4C}.Release|x64.Build.0 = Release|Any CPU
		{9478285A-C0C7-439E-91DE-4F2A4F9ABD4C}.Release|x86.ActiveCfg = Release|Any CPU
		{9478285A-C0C7-439E-91DE-4F2A4F9ABD4C}.Release|x86.Build.0 = Release|Any CPU
		{E16A4A25-2C4A-4BDA-82A8-0716CB557535}.Debug|Any CPU.ActiveCfg = Debug|Any CPU
		{E16A4A25-2C4A-4BDA-82A8-0716CB557535}.Debug|Any CPU.Build.0 = Debug|Any CPU
		{E16A4A25-2C4A-4BDA-82A8-0716CB557535}.Debug|x64.ActiveCfg = Debug|Any CPU
		{E16A4A25-2C4A-4BDA-82A8-0716CB557535}.Debug|x64.Build.0 = Debug|Any CPU
		{E16A4A25-2C4A-4BDA-82A8-0716CB557535}.Debug|x86.ActiveCfg = Debug|Any CPU
		{E16A4A25-2C4A-4BDA-82A8-0716CB557535}.Debug|x86.Build.0 = Debug|Any CPU
		{E16A4A25-2C4A-4BDA-82A8-0716CB557535}.Release|Any CPU.ActiveCfg = Release|Any CPU
		{E16A4A25-2C4A-4BDA-82A8-0716CB557535}.Release|Any CPU.Build.0 = Release|Any CPU
		{E16A4A25-2C4A-4BDA-82A8-0716CB557535}.Release|x64.ActiveCfg = Release|Any CPU
		{E16A4A25-2C4A-4BDA-82A8-0716CB557535}.Release|x64.Build.0 = Release|Any CPU
		{E16A4A25-2C4A-4BDA-82A8-0716CB557535}.Release|x86.ActiveCfg = Release|Any CPU
		{E16A4A25-2C4A-4BDA-82A8-0716CB557535}.Release|x86.Build.0 = Release|Any CPU
		{A83E1265-DFFB-426D-AB35-8396DE9F0040}.Debug|Any CPU.ActiveCfg = Debug|Any CPU
		{A83E1265-DFFB-426D-AB35-8396DE9F0040}.Debug|Any CPU.Build.0 = Debug|Any CPU
		{A83E1265-DFFB-426D-AB35-8396DE9F0040}.Debug|x64.ActiveCfg = Debug|Any CPU
		{A83E1265-DFFB-426D-AB35-8396DE9F0040}.Debug|x64.Build.0 = Debug|Any CPU
		{A83E1265-DFFB-426D-AB35-8396DE9F0040}.Debug|x86.ActiveCfg = Debug|Any CPU
		{A83E1265-DFFB-426D-AB35-8396DE9F0040}.Debug|x86.Build.0 = Debug|Any CPU
		{A83E1265-DFFB-426D-AB35-8396DE9F0040}.Release|Any CPU.ActiveCfg = Release|Any CPU
		{A83E1265-DFFB-426D-AB35-8396DE9F0040}.Release|Any CPU.Build.0 = Release|Any CPU
		{A83E1265-DFFB-426D-AB35-8396DE9F0040}.Release|x64.ActiveCfg = Release|Any CPU
		{A83E1265-DFFB-426D-AB35-8396DE9F0040}.Release|x64.Build.0 = Release|Any CPU
		{A83E1265-DFFB-426D-AB35-8396DE9F0040}.Release|x86.ActiveCfg = Release|Any CPU
		{A83E1265-DFFB-426D-AB35-8396DE9F0040}.Release|x86.Build.0 = Release|Any CPU
	EndGlobalSection
	GlobalSection(SolutionProperties) = preSolution
		HideSolutionNode = FALSE
	EndGlobalSection
	GlobalSection(NestedProjects) = preSolution
		{A7507561-0C8C-D674-6204-3731DA2F9F6C} = {4297FEFB-3DB8-2E3F-8FE4-C37F4169AE42}
		{9D50FE14-C52D-4AF2-91D8-2488F5A1A5C8} = {4297FEFB-3DB8-2E3F-8FE4-C37F4169AE42}
		{7119E2A9-4701-4A79-B367-56AC9FD7F056} = {4297FEFB-3DB8-2E3F-8FE4-C37F4169AE42}
		{B5F75D69-7F11-4D9F-981D-D239A5273E02} = {4297FEFB-3DB8-2E3F-8FE4-C37F4169AE42}
		{C7F68188-A07E-380E-65FC-5A5D072F1336} = {1F4154CA-88DA-4E57-AB27-88F29B4498D7}
		{73C5A067-4E6C-4D14-8A03-6D28057794F4} = {1F4154CA-88DA-4E57-AB27-88F29B4498D7}
		{42A8B5DE-4A4C-2E6E-11F7-F4CB753118D0} = {1F4154CA-88DA-4E57-AB27-88F29B4498D7}
		{9478285A-C0C7-439E-91DE-4F2A4F9ABD4C} = {C7F68188-A07E-380E-65FC-5A5D072F1336}
		{E16A4A25-2C4A-4BDA-82A8-0716CB557535} = {73C5A067-4E6C-4D14-8A03-6D28057794F4}
		{A83E1265-DFFB-426D-AB35-8396DE9F0040} = {42A8B5DE-4A4C-2E6E-11F7-F4CB753118D0}
	EndGlobalSection
	GlobalSection(ExtensibilityGlobals) = postSolution
		SolutionGuid = {64A20B17-B067-42AC-873D-D93398406562}
	EndGlobalSection
EndGlobal
